
Microsoft Visual Studio Solution File, Format Version 12.00
# Visual Studio Version 17
VisualStudioVersion = 17.9.34701.34
MinimumVisualStudioVersion = 10.0.40219.1
Project("{9A19103F-16F7-4668-BE54-9A1E7A4F7556}") = "LearnWpf.NavigationTest", "LearnWpf.NavigationTest\LearnWpf.NavigationTest.csproj", "{81B15DC0-D2C0-4A15-B913-B30C465C48CC}"
EndProject
Project("{9A19103F-16F7-4668-BE54-9A1E7A4F7556}") = "LearnWpf.NavigationTest2", "LearnWpf.NavigationTest2\LearnWpf.NavigationTest2.csproj", "{71D193D7-9CC1-4EE2-BA9E-BFD9AB08A7B7}"
EndProject
Project("{FAE04EC0-301F-11D3-BF4B-00C04F79EFBC}") = "LearnWpf.SharingData", "LearnWpf.SharingData\LearnWpf.SharingData.csproj", "{E064B1F2-3082-4585-9F7F-DE9512EF736C}"
EndProject
Project("{FAE04EC0-301F-11D3-BF4B-00C04F79EFBC}") = "LearnWpf.SharingData2", "LearnWpf.SharingData2\LearnWpf.SharingData2.csproj", "{6185E94F-F51F-443E-8311-FF7849D1A30A}"
EndProject
Global
	GlobalSection(SolutionConfigurationPlatforms) = preSolution
		Debug|Any CPU = Debug|Any CPU
		Release|Any CPU = Release|Any CPU
	EndGlobalSection
	GlobalSection(ProjectConfigurationPlatforms) = postSolution
		{81B15DC0-D2C0-4A15-B913-B30C465C48CC}.Debug|Any CPU.ActiveCfg = Debug|Any CPU
		{81B15DC0-D2C0-4A15-B913-B30C465C48CC}.Debug|Any CPU.Build.0 = Debug|Any CPU
		{81B15DC0-D2C0-4A15-B913-B30C465C48CC}.Release|Any CPU.ActiveCfg = Release|Any CPU
		{81B15DC0-D2C0-4A15-B913-B30C465C48CC}.Release|Any CPU.Build.0 = Release|Any CPU
		{71D193D7-9CC1-4EE2-BA9E-BFD9AB08A7B7}.Debug|Any CPU.ActiveCfg = Debug|Any CPU
		{71D193D7-9CC1-4EE2-BA9E-BFD9AB08A7B7}.Debug|Any CPU.Build.0 = Debug|Any CPU
		{71D193D7-9CC1-4EE2-BA9E-BFD9AB08A7B7}.Release|Any CPU.ActiveCfg = Release|Any CPU
		{71D193D7-9CC1-4EE2-BA9E-BFD9AB08A7B7}.Release|Any CPU.Build.0 = Release|Any CPU
		{E064B1F2-3082-4585-9F7F-DE9512EF736C}.Debug|Any CPU.ActiveCfg = Debug|Any CPU
		{E064B1F2-3082-4585-9F7F-DE9512EF736C}.Debug|Any CPU.Build.0 = Debug|Any CPU
		{E064B1F2-3082-4585-9F7F-DE9512EF736C}.Release|Any CPU.ActiveCfg = Release|Any CPU
		{E064B1F2-3082-4585-9F7F-DE9512EF736C}.Release|Any CPU.Build.0 = Release|Any CPU
		{6185E94F-F51F-443E-8311-FF7849D1A30A}.Debug|Any CPU.ActiveCfg = Debug|Any CPU
		{6185E94F-F51F-443E-8311-FF7849D1A30A}.Debug|Any CPU.Build.0 = Debug|Any CPU
		{6185E94F-F51F-443E-8311-FF7849D1A30A}.Release|Any CPU.ActiveCfg = Release|Any CPU
		{6185E94F-F51F-443E-8311-FF7849D1A30A}.Release|Any CPU.Build.0 = Release|Any CPU
	EndGlobalSection
	GlobalSection(SolutionProperties) = preSolution
		HideSolutionNode = FALSE
	EndGlobalSection
	GlobalSection(ExtensibilityGlobals) = postSolution
		SolutionGuid = {27488AFD-881A-4BE3-91DE-8F4055B258C3}
	EndGlobalSection
EndGlobal
